// !$*UTF8*$!
{
	archiveVersion = 1;
	classes = {
	};
	objectVersion = 56;
	objects = {

/* Begin PBXBuildFile section */
		154713FE29D54537005DE81A /* UIViewController + alert.swift in Sources */ = {isa = PBXBuildFile; fileRef = 154713FD29D54537005DE81A /* UIViewController + alert.swift */; };
		155CDFCA29B5313300EA8B8A /* AppDelegate.swift in Sources */ = {isa = PBXBuildFile; fileRef = 155CDFC929B5313300EA8B8A /* AppDelegate.swift */; };
		155CDFCC29B5313300EA8B8A /* SceneDelegate.swift in Sources */ = {isa = PBXBuildFile; fileRef = 155CDFCB29B5313300EA8B8A /* SceneDelegate.swift */; };
		155CDFCE29B5313300EA8B8A /* ToDoListVC.swift in Sources */ = {isa = PBXBuildFile; fileRef = 155CDFCD29B5313300EA8B8A /* ToDoListVC.swift */; };
		155CDFD129B5313300EA8B8A /* Main.storyboard in Resources */ = {isa = PBXBuildFile; fileRef = 155CDFCF29B5313300EA8B8A /* Main.storyboard */; };
		155CDFD329B5313500EA8B8A /* Assets.xcassets in Resources */ = {isa = PBXBuildFile; fileRef = 155CDFD229B5313500EA8B8A /* Assets.xcassets */; };
		155CDFD629B5313500EA8B8A /* LaunchScreen.storyboard in Resources */ = {isa = PBXBuildFile; fileRef = 155CDFD429B5313500EA8B8A /* LaunchScreen.storyboard */; };
		155CDFDE29B5406800EA8B8A /* ToDoDetailTableVC.swift in Sources */ = {isa = PBXBuildFile; fileRef = 155CDFDD29B5406800EA8B8A /* ToDoDetailTableVC.swift */; };
		1576F54229BFCCA6008A4C3A /* ListTableViewCell.swift in Sources */ = {isa = PBXBuildFile; fileRef = 1576F54129BFCCA6008A4C3A /* ListTableViewCell.swift */; };
		15A3B3F629B67C47001F92BD /* ToDoItem.swift in Sources */ = {isa = PBXBuildFile; fileRef = 15A3B3F529B67C47001F92BD /* ToDoItem.swift */; };
		15E9485F29D4B630000E5F05 /* ToDoItems.swift in Sources */ = {isa = PBXBuildFile; fileRef = 15E9485E29D4B630000E5F05 /* ToDoItems.swift */; };
		15E9486229D4C466000E5F05 /* LocalNotificationsManager.swift in Sources */ = {isa = PBXBuildFile; fileRef = 15E9486129D4C466000E5F05 /* LocalNotificationsManager.swift */; };
/* End PBXBuildFile section */

/* Begin PBXFileReference section */
		154713FD29D54537005DE81A /* UIViewController + alert.swift */ = {isa = PBXFileReference; lastKnownFileType = sourcecode.swift; path = "UIViewController + alert.swift"; sourceTree = "<group>"; };
		155CDFC629B5313300EA8B8A /* ToDoList.app */ = {isa = PBXFileReference; explicitFileType = wrapper.application; includeInIndex = 0; path = ToDoList.app; sourceTree = BUILT_PRODUCTS_DIR; };
		155CDFC929B5313300EA8B8A /* AppDelegate.swift */ = {isa = PBXFileReference; lastKnownFileType = sourcecode.swift; path = AppDelegate.swift; sourceTree = "<group>"; };
		155CDFCB29B5313300EA8B8A /* SceneDelegate.swift */ = {isa = PBXFileReference; lastKnownFileType = sourcecode.swift; path = SceneDelegate.swift; sourceTree = "<group>"; };
		155CDFCD29B5313300EA8B8A /* ToDoListVC.swift */ = {isa = PBXFileReference; lastKnownFileType = sourcecode.swift; path = ToDoListVC.swift; sourceTree = "<group>"; };
		155CDFD029B5313300EA8B8A /* Base */ = {isa = PBXFileReference; lastKnownFileType = file.storyboard; name = Base; path = Base.lproj/Main.storyboard; sourceTree = "<group>"; };
		155CDFD229B5313500EA8B8A /* Assets.xcassets */ = {isa = PBXFileReference; lastKnownFileType = folder.assetcatalog; path = Assets.xcassets; sourceTree = "<group>"; };
		155CDFD529B5313500EA8B8A /* Base */ = {isa = PBXFileReference; lastKnownFileType = file.storyboard; name = Base; path = Base.lproj/LaunchScreen.storyboard; sourceTree = "<group>"; };
		155CDFD729B5313500EA8B8A /* Info.plist */ = {isa = PBXFileReference; lastKnownFileType = text.plist.xml; path = Info.plist; sourceTree = "<group>"; };
		155CDFDD29B5406800EA8B8A /* ToDoDetailTableVC.swift */ = {isa = PBXFileReference; lastKnownFileType = sourcecode.swift; path = ToDoDetailTableVC.swift; sourceTree = "<group>"; };
		1576F54129BFCCA6008A4C3A /* ListTableViewCell.swift */ = {isa = PBXFileReference; lastKnownFileType = sourcecode.swift; path = ListTableViewCell.swift; sourceTree = "<group>"; };
		15A3B3F529B67C47001F92BD /* ToDoItem.swift */ = {isa = PBXFileReference; lastKnownFileType = sourcecode.swift; path = ToDoItem.swift; sourceTree = "<group>"; };
		15E9485E29D4B630000E5F05 /* ToDoItems.swift */ = {isa = PBXFileReference; lastKnownFileType = sourcecode.swift; path = ToDoItems.swift; sourceTree = "<group>"; };
		15E9486129D4C466000E5F05 /* LocalNotificationsManager.swift */ = {isa = PBXFileReference; lastKnownFileType = sourcecode.swift; path = LocalNotificationsManager.swift; sourceTree = "<group>"; };
/* End PBXFileReference section */

/* Begin PBXFrameworksBuildPhase section */
		155CDFC329B5313300EA8B8A /* Frameworks */ = {
			isa = PBXFrameworksBuildPhase;
			buildActionMask = 2147483647;
			files = (
			);
			runOnlyForDeploymentPostprocessing = 0;
		};
/* End PBXFrameworksBuildPhase section */

/* Begin PBXGroup section */
		155CDFBD29B5313300EA8B8A = {
			isa = PBXGroup;
			children = (
				155CDFC829B5313300EA8B8A /* ToDoList */,
				155CDFC729B5313300EA8B8A /* Products */,
			);
			sourceTree = "<group>";
		};
		155CDFC729B5313300EA8B8A /* Products */ = {
			isa = PBXGroup;
			children = (
				155CDFC629B5313300EA8B8A /* ToDoList.app */,
			);
			name = Products;
			sourceTree = "<group>";
		};
		155CDFC829B5313300EA8B8A /* ToDoList */ = {
			isa = PBXGroup;
			children = (
				15E9486029D4B7B5000E5F05 /* App */,
				15E9486129D4C466000E5F05 /* LocalNotificationsManager.swift */,
				154713FD29D54537005DE81A /* UIViewController + alert.swift */,
				15A3B3F529B67C47001F92BD /* ToDoItem.swift */,
				15E9485E29D4B630000E5F05 /* ToDoItems.swift */,
				155CDFCD29B5313300EA8B8A /* ToDoListVC.swift */,
				155CDFDD29B5406800EA8B8A /* ToDoDetailTableVC.swift */,
				1576F54129BFCCA6008A4C3A /* ListTableViewCell.swift */,
				155CDFCF29B5313300EA8B8A /* Main.storyboard */,
				155CDFD229B5313500EA8B8A /* Assets.xcassets */,
				155CDFD429B5313500EA8B8A /* LaunchScreen.storyboard */,
				155CDFD729B5313500EA8B8A /* Info.plist */,
			);
			path = ToDoList;
			sourceTree = "<group>";
		};
		15E9486029D4B7B5000E5F05 /* App */ = {
			isa = PBXGroup;
			children = (
				155CDFCB29B5313300EA8B8A /* SceneDelegate.swift */,
				155CDFC929B5313300EA8B8A /* AppDelegate.swift */,
			);
			path = App;
			sourceTree = "<group>";
		};
/* End PBXGroup section */

/* Begin PBXNativeTarget section */
		155CDFC529B5313300EA8B8A /* ToDoList */ = {
			isa = PBXNativeTarget;
			buildConfigurationList = 155CDFDA29B5313500EA8B8A /* Build configuration list for PBXNativeTarget "ToDoList" */;
			buildPhases = (
				155CDFC229B5313300EA8B8A /* Sources */,
				155CDFC329B5313300EA8B8A /* Frameworks */,
				155CDFC429B5313300EA8B8A /* Resources */,
			);
			buildRules = (
			);
			dependencies = (
			);
			name = ToDoList;
			productName = ToDoList;
			productReference = 155CDFC629B5313300EA8B8A /* ToDoList.app */;
			productType = "com.apple.product-type.application";
		};
/* End PBXNativeTarget section */

/* Begin PBXProject section */
		155CDFBE29B5313300EA8B8A /* Project object */ = {
			isa = PBXProject;
			attributes = {
				BuildIndependentTargetsInParallel = 1;
				LastSwiftUpdateCheck = 1420;
				LastUpgradeCheck = 1420;
				TargetAttributes = {
					155CDFC529B5313300EA8B8A = {
						CreatedOnToolsVersion = 14.2;
					};
				};
			};
			buildConfigurationList = 155CDFC129B5313300EA8B8A /* Build configuration list for PBXProject "ToDoList" */;
			compatibilityVersion = "Xcode 14.0";
			developmentRegion = en;
			hasScannedForEncodings = 0;
			knownRegions = (
				en,
				Base,
			);
			mainGroup = 155CDFBD29B5313300EA8B8A;
			productRefGroup = 155CDFC729B5313300EA8B8A /* Products */;
			projectDirPath = "";
			projectRoot = "";
			targets = (
				155CDFC529B5313300EA8B8A /* ToDoList */,
			);
		};
/* End PBXProject section */

/* Begin PBXResourcesBuildPhase section */
		155CDFC429B5313300EA8B8A /* Resources */ = {
			isa = PBXResourcesBuildPhase;
			buildActionMask = 2147483647;
			files = (
				155CDFD629B5313500EA8B8A /* LaunchScreen.storyboard in Resources */,
				155CDFD329B5313500EA8B8A /* Assets.xcassets in Resources */,
				155CDFD129B5313300EA8B8A /* Main.storyboard in Resources */,
			);
			runOnlyForDeploymentPostprocessing = 0;
		};
/* End PBXResourcesBuildPhase section */

/* Begin PBXSourcesBuildPhase section */
		155CDFC229B5313300EA8B8A /* Sources */ = {
			isa = PBXSourcesBuildPhase;
			buildActionMask = 2147483647;
			files = (
				155CDFDE29B5406800EA8B8A /* ToDoDetailTableVC.swift in Sources */,
				15E9485F29D4B630000E5F05 /* ToDoItems.swift in Sources */,
				15E9486229D4C466000E5F05 /* LocalNotificationsManager.swift in Sources */,
				155CDFCE29B5313300EA8B8A /* ToDoListVC.swift in Sources */,
				154713FE29D54537005DE81A /* UIViewController + alert.swift in Sources */,
				15A3B3F629B67C47001F92BD /* ToDoItem.swift in Sources */,
				155CDFCA29B5313300EA8B8A /* AppDelegate.swift in Sources */,
				155CDFCC29B5313300EA8B8A /* SceneDelegate.swift in Sources */,
				1576F54229BFCCA6008A4C3A /* ListTableViewCell.swift in Sources */,
			);
			runOnlyForDeploymentPostprocessing = 0;
		};
/* End PBXSourcesBuildPhase section */

/* Begin PBXVariantGroup section */
		155CDFCF29B5313300EA8B8A /* Main.storyboard */ = {
			isa = PBXVariantGroup;
			children = (
				155CDFD029B5313300EA8B8A /* Base */,
			);
			name = Main.storyboard;
			sourceTree = "<group>";
		};
		155CDFD429B5313500EA8B8A /* LaunchScreen.storyboard */ = {
			isa = PBXVariantGroup;
			children = (
				155CDFD529B5313500EA8B8A /* Base */,
			);
			name = LaunchScreen.storyboard;
			sourceTree = "<group>";
		};
/* End PBXVariantGroup section */

/* Begin XCBuildConfiguration section */
		155CDFD829B5313500EA8B8A /* Debug */ = {
			isa = XCBuildConfiguration;
			buildSettings = {
				ALWAYS_SEARCH_USER_PATHS = NO;
				CLANG_ANALYZER_NONNULL = YES;
				CLANG_ANALYZER_NUMBER_OBJECT_CONVERSION = YES_AGGRESSIVE;
				CLANG_CXX_LANGUAGE_STANDARD = "gnu++20";
				CLANG_ENABLE_MODULES = YES;
				CLANG_ENABLE_OBJC_ARC = YES;
				CLANG_ENABLE_OBJC_WEAK = YES;
				CLANG_WARN_BLOCK_CAPTURE_AUTORELEASING = YES;
				CLANG_WARN_BOOL_CONVERSION = YES;
				CLANG_WARN_COMMA = YES;
				CLANG_WARN_CONSTANT_CONVERSION = YES;
				CLANG_WARN_DEPRECATED_OBJC_IMPLEMENTATIONS = YES;
				CLANG_WARN_DIRECT_OBJC_ISA_USAGE = YES_ERROR;
				CLANG_WARN_DOCUMENTATION_COMMENTS = YES;
				CLANG_WARN_EMPTY_BODY = YES;
				CLANG_WARN_ENUM_CONVERSION = YES;
				CLANG_WARN_INFINITE_RECURSION = YES;
				CLANG_WARN_INT_CONVERSION = YES;
				CLANG_WARN_NON_LITERAL_NULL_CONVERSION = YES;
				CLANG_WARN_OBJC_IMPLICIT_RETAIN_SELF = YES;
				CLANG_WARN_OBJC_LITERAL_CONVERSION = YES;
				CLANG_WARN_OBJC_ROOT_CLASS = YES_ERROR;
				CLANG_WARN_QUOTED_INCLUDE_IN_FRAMEWORK_HEADER = YES;
				CLANG_WARN_RANGE_LOOP_ANALYSIS = YES;
				CLANG_WARN_STRICT_PROTOTYPES = YES;
				CLANG_WARN_SUSPICIOUS_MOVE = YES;
				CLANG_WARN_UNGUARDED_AVAILABILITY = YES_AGGRESSIVE;
				CLANG_WARN_UNREACHABLE_CODE = YES;
				CLANG_WARN__DUPLICATE_METHOD_MATCH = YES;
				COPY_PHASE_STRIP = NO;
				DEBUG_INFORMATION_FORMAT = dwarf;
				ENABLE_STRICT_OBJC_MSGSEND = YES;
				ENABLE_TESTABILITY = YES;
				GCC_C_LANGUAGE_STANDARD = gnu11;
				GCC_DYNAMIC_NO_PIC = NO;
				GCC_NO_COMMON_BLOCKS = YES;
				GCC_OPTIMIZATION_LEVEL = 0;
				GCC_PREPROCESSOR_DEFINITIONS = (
					"DEBUG=1",
					"$(inherited)",
				);
				GCC_WARN_64_TO_32_BIT_CONVERSION = YES;
				GCC_WARN_ABOUT_RETURN_TYPE = YES_ERROR;
				GCC_WARN_UNDECLARED_SELECTOR = YES;
				GCC_WARN_UNINITIALIZED_AUTOS = YES_AGGRESSIVE;
				GCC_WARN_UNUSED_FUNCTION = YES;
				GCC_WARN_UNUSED_VARIABLE = YES;
				IPHONEOS_DEPLOYMENT_TARGET = 16.2;
				MTL_ENABLE_DEBUG_INFO = INCLUDE_SOURCE;
				MTL_FAST_MATH = YES;
				ONLY_ACTIVE_ARCH = YES;
				SDKROOT = iphoneos;
				SWIFT_ACTIVE_COMPILATION_CONDITIONS = DEBUG;
				SWIFT_OPTIMIZATION_LEVEL = "-Onone";
			};
			name = Debug;
		};
		155CDFD929B5313500EA8B8A /* Release */ = {
			isa = XCBuildConfiguration;
			buildSettings = {
				ALWAYS_SEARCH_USER_PATHS = NO;
				CLANG_ANALYZER_NONNULL = YES;
				CLANG_ANALYZER_NUMBER_OBJECT_CONVERSION = YES_AGGRESSIVE;
				CLANG_CXX_LANGUAGE_STANDARD = "gnu++20";
				CLANG_ENABLE_MODULES = YES;
				CLANG_ENABLE_OBJC_ARC = YES;
				CLANG_ENABLE_OBJC_WEAK = YES;
				CLANG_WARN_BLOCK_CAPTURE_AUTORELEASING = YES;
				CLANG_WARN_BOOL_CONVERSION = YES;
				CLANG_WARN_COMMA = YES;
				CLANG_WARN_CONSTANT_CONVERSION = YES;
				CLANG_WARN_DEPRECATED_OBJC_IMPLEMENTATIONS = YES;
				CLANG_WARN_DIRECT_OBJC_ISA_USAGE = YES_ERROR;
				CLANG_WARN_DOCUMENTATION_COMMENTS = YES;
				CLANG_WARN_EMPTY_BODY = YES;
				CLANG_WARN_ENUM_CONVERSION = YES;
				CLANG_WARN_INFINITE_RECURSION = YES;
				CLANG_WARN_INT_CONVERSION = YES;
				CLANG_WARN_NON_LITERAL_NULL_CONVERSION = YES;
				CLANG_WARN_OBJC_IMPLICIT_RETAIN_SELF = YES;
				CLANG_WARN_OBJC_LITERAL_CONVERSION = YES;
				CLANG_WARN_OBJC_ROOT_CLASS = YES_ERROR;
				CLANG_WARN_QUOTED_INCLUDE_IN_FRAMEWORK_HEADER = YES;
				CLANG_WARN_RANGE_LOOP_ANALYSIS = YES;
				CLANG_WARN_STRICT_PROTOTYPES = YES;
				CLANG_WARN_SUSPICIOUS_MOVE = YES;
				CLANG_WARN_UNGUARDED_AVAILABILITY = YES_AGGRESSIVE;
				CLANG_WARN_UNREACHABLE_CODE = YES;
				CLANG_WARN__DUPLICATE_METHOD_MATCH = YES;
				COPY_PHASE_STRIP = NO;
				DEBUG_INFORMATION_FORMAT = "dwarf-with-dsym";
				ENABLE_NS_ASSERTIONS = NO;
				ENABLE_STRICT_OBJC_MSGSEND = YES;
				GCC_C_LANGUAGE_STANDARD = gnu11;
				GCC_NO_COMMON_BLOCKS = YES;
				GCC_WARN_64_TO_32_BIT_CONVERSION = YES;
				GCC_WARN_ABOUT_RETURN_TYPE = YES_ERROR;
				GCC_WARN_UNDECLARED_SELECTOR = YES;
				GCC_WARN_UNINITIALIZED_AUTOS = YES_AGGRESSIVE;
				GCC_WARN_UNUSED_FUNCTION = YES;
				GCC_WARN_UNUSED_VARIABLE = YES;
				IPHONEOS_DEPLOYMENT_TARGET = 16.2;
				MTL_ENABLE_DEBUG_INFO = NO;
				MTL_FAST_MATH = YES;
				SDKROOT = iphoneos;
				SWIFT_COMPILATION_MODE = wholemodule;
				SWIFT_OPTIMIZATION_LEVEL = "-O";
				VALIDATE_PRODUCT = YES;
			};
			name = Release;
		};
		155CDFDB29B5313500EA8B8A /* Debug */ = {
			isa = XCBuildConfiguration;
			buildSettings = {
				ASSETCATALOG_COMPILER_APPICON_NAME = AppIcon;
				ASSETCATALOG_COMPILER_GLOBAL_ACCENT_COLOR_NAME = AccentColor;
				CODE_SIGN_STYLE = Automatic;
				CURRENT_PROJECT_VERSION = 1;
				GENERATE_INFOPLIST_FILE = YES;
				INFOPLIST_FILE = ToDoList/Info.plist;
				INFOPLIST_KEY_UIApplicationSupportsIndirectInputEvents = YES;
				INFOPLIST_KEY_UILaunchStoryboardName = LaunchScreen;
				INFOPLIST_KEY_UIMainStoryboardFile = Main;
				INFOPLIST_KEY_UISupportedInterfaceOrientations_iPad = "UIInterfaceOrientationPortrait UIInterfaceOrientationPortraitUpsideDown UIInterfaceOrientationLandscapeLeft UIInterfaceOrientationLandscapeRight";
				INFOPLIST_KEY_UISupportedInterfaceOrientations_iPhone = "UIInterfaceOrientationPortrait UIInterfaceOrientationLandscapeLeft UIInterfaceOrientationLandscapeRight";
				LD_RUNPATH_SEARCH_PATHS = (
					"$(inherited)",
					"@executable_path/Frameworks",
				);
				MARKETING_VERSION = 1.0;
				PRODUCT_BUNDLE_IDENTIFIER = com.antony.ToDoList;
				PRODUCT_NAME = "$(TARGET_NAME)";
				SWIFT_EMIT_LOC_STRINGS = YES;
				SWIFT_VERSION = 5.0;
				TARGETED_DEVICE_FAMILY = "1,2";
			};
			name = Debug;
		};
		155CDFDC29B5313500EA8B8A /* Release */ = {
			isa = XCBuildConfiguration;
			buildSettings = {
				ASSETCATALOG_COMPILER_APPICON_NAME = AppIcon;
				ASSETCATALOG_COMPILER_GLOBAL_ACCENT_COLOR_NAME = AccentColor;
				CODE_SIGN_STYLE = Automatic;
				CURRENT_PROJECT_VERSION = 1;
				GENERATE_INFOPLIST_FILE = YES;
				INFOPLIST_FILE = ToDoList/Info.plist;
				INFOPLIST_KEY_UIApplicationSupportsIndirectInputEvents = YES;
				INFOPLIST_KEY_UILaunchStoryboardName = LaunchScreen;
				INFOPLIST_KEY_UIMainStoryboardFile = Main;
				INFOPLIST_KEY_UISupportedInterfaceOrientations_iPad = "UIInterfaceOrientationPortrait UIInterfaceOrientationPortraitUpsideDown UIInterfaceOrientationLandscapeLeft UIInterfaceOrientationLandscapeRight";
				INFOPLIST_KEY_UISupportedInterfaceOrientations_iPhone = "UIInterfaceOrientationPortrait UIInterfaceOrientationLandscapeLeft UIInterfaceOrientationLandscapeRight";
				LD_RUNPATH_SEARCH_PATHS = (
					"$(inherited)",
					"@executable_path/Frameworks",
				);
				MARKETING_VERSION = 1.0;
				PRODUCT_BUNDLE_IDENTIFIER = com.antony.ToDoList;
				PRODUCT_NAME = "$(TARGET_NAME)";
				SWIFT_EMIT_LOC_STRINGS = YES;
				SWIFT_VERSION = 5.0;
				TARGETED_DEVICE_FAMILY = "1,2";
			};
			name = Release;
		};
/* End XCBuildConfiguration section */

/* Begin XCConfigurationList section */
		155CDFC129B5313300EA8B8A /* Build configuration list for PBXProject "ToDoList" */ = {
			isa = XCConfigurationList;
			buildConfigurations = (
				155CDFD829B5313500EA8B8A /* Debug */,
				155CDFD929B5313500EA8B8A /* Release */,
			);
			defaultConfigurationIsVisible = 0;
			defaultConfigurationName = Release;
		};
		155CDFDA29B5313500EA8B8A /* Build configuration list for PBXNativeTarget "ToDoList" */ = {
			isa = XCConfigurationList;
			buildConfigurations = (
				155CDFDB29B5313500EA8B8A /* Debug */,
				155CDFDC29B5313500EA8B8A /* Release */,
			);
			defaultConfigurationIsVisible = 0;
			defaultConfigurationName = Release;
		};
/* End XCConfigurationList section */
	};
	rootObject = 155CDFBE29B5313300EA8B8A /* Project object */;
}
